// !$*UTF8*$!
{
	archiveVersion = 1;
	classes = {
	};
	objectVersion = 56;
	objects = {

/* Begin PBXBuildFile section */
		3A163FD62B8FE31E00B50C59 /* DetailViewController.swift in Sources */ = {isa = PBXBuildFile; fileRef = 3A163FD52B8FE31E00B50C59 /* DetailViewController.swift */; };
		3A5F60652B8ECC160007E4F2 /* ItemCell.swift in Sources */ = {isa = PBXBuildFile; fileRef = 3A5F60642B8ECC160007E4F2 /* ItemCell.swift */; };
		3AAD7B9D2B86B15F009E6B38 /* AppDelegate.swift in Sources */ = {isa = PBXBuildFile; fileRef = 3AAD7B9C2B86B15F009E6B38 /* AppDelegate.swift */; };
		3AAD7B9F2B86B15F009E6B38 /* SceneDelegate.swift in Sources */ = {isa = PBXBuildFile; fileRef = 3AAD7B9E2B86B15F009E6B38 /* SceneDelegate.swift */; };
		3AAD7BA42B86B15F009E6B38 /* Main.storyboard in Resources */ = {isa = PBXBuildFile; fileRef = 3AAD7BA22B86B15F009E6B38 /* Main.storyboard */; };
		3AAD7BA62B86B160009E6B38 /* Assets.xcassets in Resources */ = {isa = PBXBuildFile; fileRef = 3AAD7BA52B86B160009E6B38 /* Assets.xcassets */; };
		3AAD7BA92B86B160009E6B38 /* LaunchScreen.storyboard in Resources */ = {isa = PBXBuildFile; fileRef = 3AAD7BA72B86B160009E6B38 /* LaunchScreen.storyboard */; };
		3AAD7BB42B86B160009E6B38 /* LootLoggerTests.swift in Sources */ = {isa = PBXBuildFile; fileRef = 3AAD7BB32B86B160009E6B38 /* LootLoggerTests.swift */; };
		3AAD7BBE2B86B160009E6B38 /* LootLoggerUITests.swift in Sources */ = {isa = PBXBuildFile; fileRef = 3AAD7BBD2B86B160009E6B38 /* LootLoggerUITests.swift */; };
		3AAD7BC02B86B160009E6B38 /* LootLoggerUITestsLaunchTests.swift in Sources */ = {isa = PBXBuildFile; fileRef = 3AAD7BBF2B86B160009E6B38 /* LootLoggerUITestsLaunchTests.swift */; };
		3AAD7BCD2B86B6EF009E6B38 /* ItemsViewController.swift in Sources */ = {isa = PBXBuildFile; fileRef = 3AAD7BCC2B86B6EF009E6B38 /* ItemsViewController.swift */; };
		3AAD7BCF2B86B883009E6B38 /* Item.swift in Sources */ = {isa = PBXBuildFile; fileRef = 3AAD7BCE2B86B883009E6B38 /* Item.swift */; };
		3AAD7BD12B86C035009E6B38 /* ItemStore.swift in Sources */ = {isa = PBXBuildFile; fileRef = 3AAD7BD02B86C035009E6B38 /* ItemStore.swift */; };
/* End PBXBuildFile section */

/* Begin PBXContainerItemProxy section */
		3AAD7BB02B86B160009E6B38 /* PBXContainerItemProxy */ = {
			isa = PBXContainerItemProxy;
			containerPortal = 3AAD7B912B86B15F009E6B38 /* Project object */;
			proxyType = 1;
			remoteGlobalIDString = 3AAD7B982B86B15F009E6B38;
			remoteInfo = LootLogger;
		};
		3AAD7BBA2B86B160009E6B38 /* PBXContainerItemProxy */ = {
			isa = PBXContainerItemProxy;
			containerPortal = 3AAD7B912B86B15F009E6B38 /* Project object */;
			proxyType = 1;
			remoteGlobalIDString = 3AAD7B982B86B15F009E6B38;
			remoteInfo = LootLogger;
		};
/* End PBXContainerItemProxy section */

/* Begin PBXFileReference section */
		3A163FD52B8FE31E00B50C59 /* DetailViewController.swift */ = {isa = PBXFileReference; lastKnownFileType = sourcecode.swift; path = DetailViewController.swift; sourceTree = "<group>"; };
		3A5F60642B8ECC160007E4F2 /* ItemCell.swift */ = {isa = PBXFileReference; lastKnownFileType = sourcecode.swift; path = ItemCell.swift; sourceTree = "<group>"; };
		3AAD7B992B86B15F009E6B38 /* LootLogger.app */ = {isa = PBXFileReference; explicitFileType = wrapper.application; includeInIndex = 0; path = LootLogger.app; sourceTree = BUILT_PRODUCTS_DIR; };
		3AAD7B9C2B86B15F009E6B38 /* AppDelegate.swift */ = {isa = PBXFileReference; lastKnownFileType = sourcecode.swift; path = AppDelegate.swift; sourceTree = "<group>"; };
		3AAD7B9E2B86B15F009E6B38 /* SceneDelegate.swift */ = {isa = PBXFileReference; lastKnownFileType = sourcecode.swift; path = SceneDelegate.swift; sourceTree = "<group>"; };
		3AAD7BA32B86B15F009E6B38 /* Base */ = {isa = PBXFileReference; lastKnownFileType = file.storyboard; name = Base; path = Base.lproj/Main.storyboard; sourceTree = "<group>"; };
		3AAD7BA52B86B160009E6B38 /* Assets.xcassets */ = {isa = PBXFileReference; lastKnownFileType = folder.assetcatalog; path = Assets.xcassets; sourceTree = "<group>"; };
		3AAD7BA82B86B160009E6B38 /* Base */ = {isa = PBXFileReference; lastKnownFileType = file.storyboard; name = Base; path = Base.lproj/LaunchScreen.storyboard; sourceTree = "<group>"; };
		3AAD7BAA2B86B160009E6B38 /* Info.plist */ = {isa = PBXFileReference; lastKnownFileType = text.plist.xml; path = Info.plist; sourceTree = "<group>"; };
		3AAD7BAF2B86B160009E6B38 /* LootLoggerTests.xctest */ = {isa = PBXFileReference; explicitFileType = wrapper.cfbundle; includeInIndex = 0; path = LootLoggerTests.xctest; sourceTree = BUILT_PRODUCTS_DIR; };
		3AAD7BB32B86B160009E6B38 /* LootLoggerTests.swift */ = {isa = PBXFileReference; lastKnownFileType = sourcecode.swift; path = LootLoggerTests.swift; sourceTree = "<group>"; };
		3AAD7BB92B86B160009E6B38 /* LootLoggerUITests.xctest */ = {isa = PBXFileReference; explicitFileType = wrapper.cfbundle; includeInIndex = 0; path = LootLoggerUITests.xctest; sourceTree = BUILT_PRODUCTS_DIR; };
		3AAD7BBD2B86B160009E6B38 /* LootLoggerUITests.swift */ = {isa = PBXFileReference; lastKnownFileType = sourcecode.swift; path = LootLoggerUITests.swift; sourceTree = "<group>"; };
		3AAD7BBF2B86B160009E6B38 /* LootLoggerUITestsLaunchTests.swift */ = {isa = PBXFileReference; lastKnownFileType = sourcecode.swift; path = LootLoggerUITestsLaunchTests.swift; sourceTree = "<group>"; };
		3AAD7BCC2B86B6EF009E6B38 /* ItemsViewController.swift */ = {isa = PBXFileReference; lastKnownFileType = sourcecode.swift; path = ItemsViewController.swift; sourceTree = "<group>"; };
		3AAD7BCE2B86B883009E6B38 /* Item.swift */ = {isa = PBXFileReference; lastKnownFileType = sourcecode.swift; path = Item.swift; sourceTree = "<group>"; };
		3AAD7BD02B86C035009E6B38 /* ItemStore.swift */ = {isa = PBXFileReference; lastKnownFileType = sourcecode.swift; path = ItemStore.swift; sourceTree = "<group>"; };
/* End PBXFileReference section */

/* Begin PBXFrameworksBuildPhase section */
		3AAD7B962B86B15F009E6B38 /* Frameworks */ = {
			isa = PBXFrameworksBuildPhase;
			buildActionMask = 2147483647;
			files = (
			);
			runOnlyForDeploymentPostprocessing = 0;
		};
		3AAD7BAC2B86B160009E6B38 /* Frameworks */ = {
			isa = PBXFrameworksBuildPhase;
			buildActionMask = 2147483647;
			files = (
			);
			runOnlyForDeploymentPostprocessing = 0;
		};
		3AAD7BB62B86B160009E6B38 /* Frameworks */ = {
			isa = PBXFrameworksBuildPhase;
			buildActionMask = 2147483647;
			files = (
			);
			runOnlyForDeploymentPostprocessing = 0;
		};
/* End PBXFrameworksBuildPhase section */

/* Begin PBXGroup section */
		3AAD7B902B86B15F009E6B38 = {
			isa = PBXGroup;
			children = (
				3AAD7B9B2B86B15F009E6B38 /* LootLogger */,
				3AAD7BB22B86B160009E6B38 /* LootLoggerTests */,
				3AAD7BBC2B86B160009E6B38 /* LootLoggerUITests */,
				3AAD7B9A2B86B15F009E6B38 /* Products */,
			);
			sourceTree = "<group>";
		};
		3AAD7B9A2B86B15F009E6B38 /* Products */ = {
			isa = PBXGroup;
			children = (
				3AAD7B992B86B15F009E6B38 /* LootLogger.app */,
				3AAD7BAF2B86B160009E6B38 /* LootLoggerTests.xctest */,
				3AAD7BB92B86B160009E6B38 /* LootLoggerUITests.xctest */,
			);
			name = Products;
			sourceTree = "<group>";
		};
		3AAD7B9B2B86B15F009E6B38 /* LootLogger */ = {
			isa = PBXGroup;
			children = (
				3AAD7B9C2B86B15F009E6B38 /* AppDelegate.swift */,
				3AAD7B9E2B86B15F009E6B38 /* SceneDelegate.swift */,
				3AAD7BA22B86B15F009E6B38 /* Main.storyboard */,
				3A163FD52B8FE31E00B50C59 /* DetailViewController.swift */,
				3AAD7BCE2B86B883009E6B38 /* Item.swift */,
				3AAD7BD02B86C035009E6B38 /* ItemStore.swift */,
				3AAD7BCC2B86B6EF009E6B38 /* ItemsViewController.swift */,
				3A5F60642B8ECC160007E4F2 /* ItemCell.swift */,
				3AAD7BA52B86B160009E6B38 /* Assets.xcassets */,
				3AAD7BA72B86B160009E6B38 /* LaunchScreen.storyboard */,
				3AAD7BAA2B86B160009E6B38 /* Info.plist */,
			);
			path = LootLogger;
			sourceTree = "<group>";
		};
		3AAD7BB22B86B160009E6B38 /* LootLoggerTests */ = {
			isa = PBXGroup;
			children = (
				3AAD7BB32B86B160009E6B38 /* LootLoggerTests.swift */,
			);
			path = LootLoggerTests;
			sourceTree = "<group>";
		};
		3AAD7BBC2B86B160009E6B38 /* LootLoggerUITests */ = {
			isa = PBXGroup;
			children = (
				3AAD7BBD2B86B160009E6B38 /* LootLoggerUITests.swift */,
				3AAD7BBF2B86B160009E6B38 /* LootLoggerUITestsLaunchTests.swift */,
			);
			path = LootLoggerUITests;
			sourceTree = "<group>";
		};
/* End PBXGroup section */

/* Begin PBXNativeTarget section */
		3AAD7B982B86B15F009E6B38 /* LootLogger */ = {
			isa = PBXNativeTarget;
			buildConfigurationList = 3AAD7BC32B86B160009E6B38 /* Build configuration list for PBXNativeTarget "LootLogger" */;
			buildPhases = (
				3AAD7B952B86B15F009E6B38 /* Sources */,
				3AAD7B962B86B15F009E6B38 /* Frameworks */,
				3AAD7B972B86B15F009E6B38 /* Resources */,
			);
			buildRules = (
			);
			dependencies = (
			);
			name = LootLogger;
			productName = LootLogger;
			productReference = 3AAD7B992B86B15F009E6B38 /* LootLogger.app */;
			productType = "com.apple.product-type.application";
		};
		3AAD7BAE2B86B160009E6B38 /* LootLoggerTests */ = {
			isa = PBXNativeTarget;
			buildConfigurationList = 3AAD7BC62B86B160009E6B38 /* Build configuration list for PBXNativeTarget "LootLoggerTests" */;
			buildPhases = (
				3AAD7BAB2B86B160009E6B38 /* Sources */,
				3AAD7BAC2B86B160009E6B38 /* Frameworks */,
				3AAD7BAD2B86B160009E6B38 /* Resources */,
			);
			buildRules = (
			);
			dependencies = (
				3AAD7BB12B86B160009E6B38 /* PBXTargetDependency */,
			);
			name = LootLoggerTests;
			productName = LootLoggerTests;
			productReference = 3AAD7BAF2B86B160009E6B38 /* LootLoggerTests.xctest */;
			productType = "com.apple.product-type.bundle.unit-test";
		};
		3AAD7BB82B86B160009E6B38 /* LootLoggerUITests */ = {
			isa = PBXNativeTarget;
			buildConfigurationList = 3AAD7BC92B86B160009E6B38 /* Build configuration list for PBXNativeTarget "LootLoggerUITests" */;
			buildPhases = (
				3AAD7BB52B86B160009E6B38 /* Sources */,
				3AAD7BB62B86B160009E6B38 /* Frameworks */,
				3AAD7BB72B86B160009E6B38 /* Resources */,
			);
			buildRules = (
			);
			dependencies = (
				3AAD7BBB2B86B160009E6B38 /* PBXTargetDependency */,
			);
			name = LootLoggerUITests;
			productName = LootLoggerUITests;
			productReference = 3AAD7BB92B86B160009E6B38 /* LootLoggerUITests.xctest */;
			productType = "com.apple.product-type.bundle.ui-testing";
		};
/* End PBXNativeTarget section */

/* Begin PBXProject section */
		3AAD7B912B86B15F009E6B38 /* Project object */ = {
			isa = PBXProject;
			attributes = {
				BuildIndependentTargetsInParallel = 1;
				LastSwiftUpdateCheck = 1520;
				LastUpgradeCheck = 1520;
				TargetAttributes = {
					3AAD7B982B86B15F009E6B38 = {
						CreatedOnToolsVersion = 15.2;
					};
					3AAD7BAE2B86B160009E6B38 = {
						CreatedOnToolsVersion = 15.2;
						TestTargetID = 3AAD7B982B86B15F009E6B38;
					};
					3AAD7BB82B86B160009E6B38 = {
						CreatedOnToolsVersion = 15.2;
						TestTargetID = 3AAD7B982B86B15F009E6B38;
					};
				};
			};
			buildConfigurationList = 3AAD7B942B86B15F009E6B38 /* Build configuration list for PBXProject "LootLogger" */;
			compatibilityVersion = "Xcode 14.0";
			developmentRegion = en;
			hasScannedForEncodings = 0;
			knownRegions = (
				en,
				Base,
			);
			mainGroup = 3AAD7B902B86B15F009E6B38;
			productRefGroup = 3AAD7B9A2B86B15F009E6B38 /* Products */;
			projectDirPath = "";
			projectRoot = "";
			targets = (
				3AAD7B982B86B15F009E6B38 /* LootLogger */,
				3AAD7BAE2B86B160009E6B38 /* LootLoggerTests */,
				3AAD7BB82B86B160009E6B38 /* LootLoggerUITests */,
			);
		};
/* End PBXProject section */

/* Begin PBXResourcesBuildPhase section */
		3AAD7B972B86B15F009E6B38 /* Resources */ = {
			isa = PBXResourcesBuildPhase;
			buildActionMask = 2147483647;
			files = (
				3AAD7BA92B86B160009E6B38 /* LaunchScreen.storyboard in Resources */,
				3AAD7BA62B86B160009E6B38 /* Assets.xcassets in Resources */,
				3AAD7BA42B86B15F009E6B38 /* Main.storyboard in Resources */,
			);
			runOnlyForDeploymentPostprocessing = 0;
		};
		3AAD7BAD2B86B160009E6B38 /* Resources */ = {
			isa = PBXResourcesBuildPhase;
			buildActionMask = 2147483647;
			files = (
			);
			runOnlyForDeploymentPostprocessing = 0;
		};
		3AAD7BB72B86B160009E6B38 /* Resources */ = {
			isa = PBXResourcesBuildPhase;
			buildActionMask = 2147483647;
			files = (
			);
			runOnlyForDeploymentPostprocessing = 0;
		};
/* End PBXResourcesBuildPhase section */

/* Begin PBXSourcesBuildPhase section */
		3AAD7B952B86B15F009E6B38 /* Sources */ = {
			isa = PBXSourcesBuildPhase;
			buildActionMask = 2147483647;
			files = (
				3AAD7BCF2B86B883009E6B38 /* Item.swift in Sources */,
				3AAD7BCD2B86B6EF009E6B38 /* ItemsViewController.swift in Sources */,
				3A5F60652B8ECC160007E4F2 /* ItemCell.swift in Sources */,
				3AAD7B9D2B86B15F009E6B38 /* AppDelegate.swift in Sources */,
				3AAD7BD12B86C035009E6B38 /* ItemStore.swift in Sources */,
				3AAD7B9F2B86B15F009E6B38 /* SceneDelegate.swift in Sources */,
				3A163FD62B8FE31E00B50C59 /* DetailViewController.swift in Sources */,
			);
			runOnlyForDeploymentPostprocessing = 0;
		};
		3AAD7BAB2B86B160009E6B38 /* Sources */ = {
			isa = PBXSourcesBuildPhase;
			buildActionMask = 2147483647;
			files = (
				3AAD7BB42B86B160009E6B38 /* LootLoggerTests.swift in Sources */,
			);
			runOnlyForDeploymentPostprocessing = 0;
		};
		3AAD7BB52B86B160009E6B38 /* Sources */ = {
			isa = PBXSourcesBuildPhase;
			buildActionMask = 2147483647;
			files = (
				3AAD7BC02B86B160009E6B38 /* LootLoggerUITestsLaunchTests.swift in Sources */,
				3AAD7BBE2B86B160009E6B38 /* LootLoggerUITests.swift in Sources */,
			);
			runOnlyForDeploymentPostprocessing = 0;
		};
/* End PBXSourcesBuildPhase section */

/* Begin PBXTargetDependency section */
		3AAD7BB12B86B160009E6B38 /* PBXTargetDependency */ = {
			isa = PBXTargetDependency;
			target = 3AAD7B982B86B15F009E6B38 /* LootLogger */;
			targetProxy = 3AAD7BB02B86B160009E6B38 /* PBXContainerItemProxy */;
		};
		3AAD7BBB2B86B160009E6B38 /* PBXTargetDependency */ = {
			isa = PBXTargetDependency;
			target = 3AAD7B982B86B15F009E6B38 /* LootLogger */;
			targetProxy = 3AAD7BBA2B86B160009E6B38 /* PBXContainerItemProxy */;
		};
/* End PBXTargetDependency section */

/* Begin PBXVariantGroup section */
		3AAD7BA22B86B15F009E6B38 /* Main.storyboard */ = {
			isa = PBXVariantGroup;
			children = (
				3AAD7BA32B86B15F009E6B38 /* Base */,
			);
			name = Main.storyboard;
			sourceTree = "<group>";
		};
		3AAD7BA72B86B160009E6B38 /* LaunchScreen.storyboard */ = {
			isa = PBXVariantGroup;
			children = (
				3AAD7BA82B86B160009E6B38 /* Base */,
			);
			name = LaunchScreen.storyboard;
			sourceTree = "<group>";
		};
/* End PBXVariantGroup section */

/* Begin XCBuildConfiguration section */
		3AAD7BC12B86B160009E6B38 /* Debug */ = {
			isa = XCBuildConfiguration;
			buildSettings = {
				ALWAYS_SEARCH_USER_PATHS = NO;
				ASSETCATALOG_COMPILER_GENERATE_SWIFT_ASSET_SYMBOL_EXTENSIONS = YES;
				CLANG_ANALYZER_NONNULL = YES;
				CLANG_ANALYZER_NUMBER_OBJECT_CONVERSION = YES_AGGRESSIVE;
				CLANG_CXX_LANGUAGE_STANDARD = "gnu++20";
				CLANG_ENABLE_MODULES = YES;
				CLANG_ENABLE_OBJC_ARC = YES;
				CLANG_ENABLE_OBJC_WEAK = YES;
				CLANG_WARN_BLOCK_CAPTURE_AUTORELEASING = YES;
				CLANG_WARN_BOOL_CONVERSION = YES;
				CLANG_WARN_COMMA = YES;
				CLANG_WARN_CONSTANT_CONVERSION = YES;
				CLANG_WARN_DEPRECATED_OBJC_IMPLEMENTATIONS = YES;
				CLANG_WARN_DIRECT_OBJC_ISA_USAGE = YES_ERROR;
				CLANG_WARN_DOCUMENTATION_COMMENTS = YES;
				CLANG_WARN_EMPTY_BODY = YES;
				CLANG_WARN_ENUM_CONVERSION = YES;
				CLANG_WARN_INFINITE_RECURSION = YES;
				CLANG_WARN_INT_CONVERSION = YES;
				CLANG_WARN_NON_LITERAL_NULL_CONVERSION = YES;
				CLANG_WARN_OBJC_IMPLICIT_RETAIN_SELF = YES;
				CLANG_WARN_OBJC_LITERAL_CONVERSION = YES;
				CLANG_WARN_OBJC_ROOT_CLASS = YES_ERROR;
				CLANG_WARN_QUOTED_INCLUDE_IN_FRAMEWORK_HEADER = YES;
				CLANG_WARN_RANGE_LOOP_ANALYSIS = YES;
				CLANG_WARN_STRICT_PROTOTYPES = YES;
				CLANG_WARN_SUSPICIOUS_MOVE = YES;
				CLANG_WARN_UNGUARDED_AVAILABILITY = YES_AGGRESSIVE;
				CLANG_WARN_UNREACHABLE_CODE = YES;
				CLANG_WARN__DUPLICATE_METHOD_MATCH = YES;
				COPY_PHASE_STRIP = NO;
				DEBUG_INFORMATION_FORMAT = dwarf;
				ENABLE_STRICT_OBJC_MSGSEND = YES;
				ENABLE_TESTABILITY = YES;
				ENABLE_USER_SCRIPT_SANDBOXING = YES;
				GCC_C_LANGUAGE_STANDARD = gnu17;
				GCC_DYNAMIC_NO_PIC = NO;
				GCC_NO_COMMON_BLOCKS = YES;
				GCC_OPTIMIZATION_LEVEL = 0;
				GCC_PREPROCESSOR_DEFINITIONS = (
					"DEBUG=1",
					"$(inherited)",
				);
				GCC_WARN_64_TO_32_BIT_CONVERSION = YES;
				GCC_WARN_ABOUT_RETURN_TYPE = YES_ERROR;
				GCC_WARN_UNDECLARED_SELECTOR = YES;
				GCC_WARN_UNINITIALIZED_AUTOS = YES_AGGRESSIVE;
				GCC_WARN_UNUSED_FUNCTION = YES;
				GCC_WARN_UNUSED_VARIABLE = YES;
				IPHONEOS_DEPLOYMENT_TARGET = 17.2;
				LOCALIZATION_PREFERS_STRING_CATALOGS = YES;
				MTL_ENABLE_DEBUG_INFO = INCLUDE_SOURCE;
				MTL_FAST_MATH = YES;
				ONLY_ACTIVE_ARCH = YES;
				SDKROOT = iphoneos;
				SWIFT_ACTIVE_COMPILATION_CONDITIONS = "DEBUG $(inherited)";
				SWIFT_OPTIMIZATION_LEVEL = "-Onone";
			};
			name = Debug;
		};
		3AAD7BC22B86B160009E6B38 /* Release */ = {
			isa = XCBuildConfiguration;
			buildSettings = {
				ALWAYS_SEARCH_USER_PATHS = NO;
				ASSETCATALOG_COMPILER_GENERATE_SWIFT_ASSET_SYMBOL_EXTENSIONS = YES;
				CLANG_ANALYZER_NONNULL = YES;
				CLANG_ANALYZER_NUMBER_OBJECT_CONVERSION = YES_AGGRESSIVE;
				CLANG_CXX_LANGUAGE_STANDARD = "gnu++20";
				CLANG_ENABLE_MODULES = YES;
				CLANG_ENABLE_OBJC_ARC = YES;
				CLANG_ENABLE_OBJC_WEAK = YES;
				CLANG_WARN_BLOCK_CAPTURE_AUTORELEASING = YES;
				CLANG_WARN_BOOL_CONVERSION = YES;
				CLANG_WARN_COMMA = YES;
				CLANG_WARN_CONSTANT_CONVERSION = YES;
				CLANG_WARN_DEPRECATED_OBJC_IMPLEMENTATIONS = YES;
				CLANG_WARN_DIRECT_OBJC_ISA_USAGE = YES_ERROR;
				CLANG_WARN_DOCUMENTATION_COMMENTS = YES;
				CLANG_WARN_EMPTY_BODY = YES;
				CLANG_WARN_ENUM_CONVERSION = YES;
				CLANG_WARN_INFINITE_RECURSION = YES;
				CLANG_WARN_INT_CONVERSION = YES;
				CLANG_WARN_NON_LITERAL_NULL_CONVERSION = YES;
				CLANG_WARN_OBJC_IMPLICIT_RETAIN_SELF = YES;
				CLANG_WARN_OBJC_LITERAL_CONVERSION = YES;
				CLANG_WARN_OBJC_ROOT_CLASS = YES_ERROR;
				CLANG_WARN_QUOTED_INCLUDE_IN_FRAMEWORK_HEADER = YES;
				CLANG_WARN_RANGE_LOOP_ANALYSIS = YES;
				CLANG_WARN_STRICT_PROTOTYPES = YES;
				CLANG_WARN_SUSPICIOUS_MOVE = YES;
				CLANG_WARN_UNGUARDED_AVAILABILITY = YES_AGGRESSIVE;
				CLANG_WARN_UNREACHABLE_CODE = YES;
				CLANG_WARN__DUPLICATE_METHOD_MATCH = YES;
				COPY_PHASE_STRIP = NO;
				DEBUG_INFORMATION_FORMAT = "dwarf-with-dsym";
				ENABLE_NS_ASSERTIONS = NO;
				ENABLE_STRICT_OBJC_MSGSEND = YES;
				ENABLE_USER_SCRIPT_SANDBOXING = YES;
				GCC_C_LANGUAGE_STANDARD = gnu17;
				GCC_NO_COMMON_BLOCKS = YES;
				GCC_WARN_64_TO_32_BIT_CONVERSION = YES;
				GCC_WARN_ABOUT_RETURN_TYPE = YES_ERROR;
				GCC_WARN_UNDECLARED_SELECTOR = YES;
				GCC_WARN_UNINITIALIZED_AUTOS = YES_AGGRESSIVE;
				GCC_WARN_UNUSED_FUNCTION = YES;
				GCC_WARN_UNUSED_VARIABLE = YES;
				IPHONEOS_DEPLOYMENT_TARGET = 17.2;
				LOCALIZATION_PREFERS_STRING_CATALOGS = YES;
				MTL_ENABLE_DEBUG_INFO = NO;
				MTL_FAST_MATH = YES;
				SDKROOT = iphoneos;
				SWIFT_COMPILATION_MODE = wholemodule;
				VALIDATE_PRODUCT = YES;
			};
			name = Release;
		};
		3AAD7BC42B86B160009E6B38 /* Debug */ = {
			isa = XCBuildConfiguration;
			buildSettings = {
				ASSETCATALOG_COMPILER_APPICON_NAME = AppIcon;
				ASSETCATALOG_COMPILER_GLOBAL_ACCENT_COLOR_NAME = AccentColor;
				CODE_SIGN_STYLE = Automatic;
				CURRENT_PROJECT_VERSION = 1;
				DEVELOPMENT_TEAM = 7XYF2Z5FKX;
				GENERATE_INFOPLIST_FILE = YES;
				INFOPLIST_FILE = LootLogger/Info.plist;
				INFOPLIST_KEY_UIApplicationSupportsIndirectInputEvents = YES;
				INFOPLIST_KEY_UILaunchStoryboardName = LaunchScreen;
				INFOPLIST_KEY_UIMainStoryboardFile = Main;
				INFOPLIST_KEY_UISupportedInterfaceOrientations_iPad = "UIInterfaceOrientationPortrait UIInterfaceOrientationPortraitUpsideDown UIInterfaceOrientationLandscapeLeft UIInterfaceOrientationLandscapeRight";
				INFOPLIST_KEY_UISupportedInterfaceOrientations_iPhone = "UIInterfaceOrientationPortrait UIInterfaceOrientationLandscapeLeft UIInterfaceOrientationLandscapeRight";
				LD_RUNPATH_SEARCH_PATHS = (
					"$(inherited)",
					"@executable_path/Frameworks",
				);
				MARKETING_VERSION = 1.0;
				PRODUCT_BUNDLE_IDENTIFIER = "Hamit-Sehjal.LootLogger";
				PRODUCT_NAME = "$(TARGET_NAME)";
				SWIFT_EMIT_LOC_STRINGS = YES;
				SWIFT_VERSION = 5.0;
				TARGETED_DEVICE_FAMILY = "1,2";
			};
			name = Debug;
		};
		3AAD7BC52B86B160009E6B38 /* Release */ = {
			isa = XCBuildConfiguration;
			buildSettings = {
				ASSETCATALOG_COMPILER_APPICON_NAME = AppIcon;
				ASSETCATALOG_COMPILER_GLOBAL_ACCENT_COLOR_NAME = AccentColor;
				CODE_SIGN_STYLE = Automatic;
				CURRENT_PROJECT_VERSION = 1;
				DEVELOPMENT_TEAM = 7XYF2Z5FKX;
				GENERATE_INFOPLIST_FILE = YES;
				INFOPLIST_FILE = LootLogger/Info.plist;
				INFOPLIST_KEY_UIApplicationSupportsIndirectInputEvents = YES;
				INFOPLIST_KEY_UILaunchStoryboardName = LaunchScreen;
				INFOPLIST_KEY_UIMainStoryboardFile = Main;
				INFOPLIST_KEY_UISupportedInterfaceOrientations_iPad = "UIInterfaceOrientationPortrait UIInterfaceOrientationPortraitUpsideDown UIInterfaceOrientationLandscapeLeft UIInterfaceOrientationLandscapeRight";
				INFOPLIST_KEY_UISupportedInterfaceOrientations_iPhone = "UIInterfaceOrientationPortrait UIInterfaceOrientationLandscapeLeft UIInterfaceOrientationLandscapeRight";
				LD_RUNPATH_SEARCH_PATHS = (
					"$(inherited)",
					"@executable_path/Frameworks",
				);
				MARKETING_VERSION = 1.0;
				PRODUCT_BUNDLE_IDENTIFIER = "Hamit-Sehjal.LootLogger";
				PRODUCT_NAME = "$(TARGET_NAME)";
				SWIFT_EMIT_LOC_STRINGS = YES;
				SWIFT_VERSION = 5.0;
				TARGETED_DEVICE_FAMILY = "1,2";
			};
			name = Release;
		};
		3AAD7BC72B86B160009E6B38 /* Debug */ = {
			isa = XCBuildConfiguration;
			buildSettings = {
				ALWAYS_EMBED_SWIFT_STANDARD_LIBRARIES = YES;
				BUNDLE_LOADER = "$(TEST_HOST)";
				CODE_SIGN_STYLE = Automatic;
				CURRENT_PROJECT_VERSION = 1;
				DEVELOPMENT_TEAM = 7XYF2Z5FKX;
				GENERATE_INFOPLIST_FILE = YES;
				IPHONEOS_DEPLOYMENT_TARGET = 17.2;
				MARKETING_VERSION = 1.0;
				PRODUCT_BUNDLE_IDENTIFIER = "Hamit-Sehjal.LootLoggerTests";
				PRODUCT_NAME = "$(TARGET_NAME)";
				SWIFT_EMIT_LOC_STRINGS = NO;
				SWIFT_VERSION = 5.0;
				TARGETED_DEVICE_FAMILY = "1,2";
				TEST_HOST = "$(BUILT_PRODUCTS_DIR)/LootLogger.app/$(BUNDLE_EXECUTABLE_FOLDER_PATH)/LootLogger";
			};
			name = Debug;
		};
		3AAD7BC82B86B160009E6B38 /* Release */ = {
			isa = XCBuildConfiguration;
			buildSettings = {
				ALWAYS_EMBED_SWIFT_STANDARD_LIBRARIES = YES;
				BUNDLE_LOADER = "$(TEST_HOST)";
				CODE_SIGN_STYLE = Automatic;
				CURRENT_PROJECT_VERSION = 1;
				DEVELOPMENT_TEAM = 7XYF2Z5FKX;
				GENERATE_INFOPLIST_FILE = YES;
				IPHONEOS_DEPLOYMENT_TARGET = 17.2;
				MARKETING_VERSION = 1.0;
				PRODUCT_BUNDLE_IDENTIFIER = "Hamit-Sehjal.LootLoggerTests";
				PRODUCT_NAME = "$(TARGET_NAME)";
				SWIFT_EMIT_LOC_STRINGS = NO;
				SWIFT_VERSION = 5.0;
				TARGETED_DEVICE_FAMILY = "1,2";
				TEST_HOST = "$(BUILT_PRODUCTS_DIR)/LootLogger.app/$(BUNDLE_EXECUTABLE_FOLDER_PATH)/LootLogger";
			};
			name = Release;
		};
		3AAD7BCA2B86B160009E6B38 /* Debug */ = {
			isa = XCBuildConfiguration;
			buildSettings = {
				ALWAYS_EMBED_SWIFT_STANDARD_LIBRARIES = YES;
				CODE_SIGN_STYLE = Automatic;
				CURRENT_PROJECT_VERSION = 1;
				DEVELOPMENT_TEAM = 7XYF2Z5FKX;
				GENERATE_INFOPLIST_FILE = YES;
				MARKETING_VERSION = 1.0;
				PRODUCT_BUNDLE_IDENTIFIER = "Hamit-Sehjal.LootLoggerUITests";
				PRODUCT_NAME = "$(TARGET_NAME)";
				SWIFT_EMIT_LOC_STRINGS = NO;
				SWIFT_VERSION = 5.0;
				TARGETED_DEVICE_FAMILY = "1,2";
				TEST_TARGET_NAME = LootLogger;
			};
			name = Debug;
		};
		3AAD7BCB2B86B160009E6B38 /* Release */ = {
			isa = XCBuildConfiguration;
			buildSettings = {
				ALWAYS_EMBED_SWIFT_STANDARD_LIBRARIES = YES;
				CODE_SIGN_STYLE = Automatic;
				CURRENT_PROJECT_VERSION = 1;
				DEVELOPMENT_TEAM = 7XYF2Z5FKX;
				GENERATE_INFOPLIST_FILE = YES;
				MARKETING_VERSION = 1.0;
				PRODUCT_BUNDLE_IDENTIFIER = "Hamit-Sehjal.LootLoggerUITests";
				PRODUCT_NAME = "$(TARGET_NAME)";
				SWIFT_EMIT_LOC_STRINGS = NO;
				SWIFT_VERSION = 5.0;
				TARGETED_DEVICE_FAMILY = "1,2";
				TEST_TARGET_NAME = LootLogger;
			};
			name = Release;
		};
/* End XCBuildConfiguration section */

/* Begin XCConfigurationList section */
		3AAD7B942B86B15F009E6B38 /* Build configuration list for PBXProject "LootLogger" */ = {
			isa = XCConfigurationList;
			buildConfigurations = (
				3AAD7BC12B86B160009E6B38 /* Debug */,
				3AAD7BC22B86B160009E6B38 /* Release */,
			);
			defaultConfigurationIsVisible = 0;
			defaultConfigurationName = Release;
		};
		3AAD7BC32B86B160009E6B38 /* Build configuration list for PBXNativeTarget "LootLogger" */ = {
			isa = XCConfigurationList;
			buildConfigurations = (
				3AAD7BC42B86B160009E6B38 /* Debug */,
				3AAD7BC52B86B160009E6B38 /* Release */,
			);
			defaultConfigurationIsVisible = 0;
			defaultConfigurationName = Release;
		};
		3AAD7BC62B86B160009E6B38 /* Build configuration list for PBXNativeTarget "LootLoggerTests" */ = {
			isa = XCConfigurationList;
			buildConfigurations = (
				3AAD7BC72B86B160009E6B38 /* Debug */,
				3AAD7BC82B86B160009E6B38 /* Release */,
			);
			defaultConfigurationIsVisible = 0;
			defaultConfigurationName = Release;
		};
		3AAD7BC92B86B160009E6B38 /* Build configuration list for PBXNativeTarget "LootLoggerUITests" */ = {
			isa = XCConfigurationList;
			buildConfigurations = (
				3AAD7BCA2B86B160009E6B38 /* Debug */,
				3AAD7BCB2B86B160009E6B38 /* Release */,
			);
			defaultConfigurationIsVisible = 0;
			defaultConfigurationName = Release;
		};
/* End XCConfigurationList section */
	};
	rootObject = 3AAD7B912B86B15F009E6B38 /* Project object */;
}
